// !$*UTF8*$!
{
	archiveVersion = 1;
	classes = {
	};
	objectVersion = 56;
	objects = {

/* Begin PBXBuildFile section */
		CD51EC032BC0573F005DDF55 /* Color+Hex.swift in Sources */ = {isa = PBXBuildFile; fileRef = CD51EC022BC0573F005DDF55 /* Color+Hex.swift */; };
		CD51EC072BC057D9005DDF55 /* CellModel.swift in Sources */ = {isa = PBXBuildFile; fileRef = CD51EC062BC057D9005DDF55 /* CellModel.swift */; };
		CD51EC092BC058E4005DDF55 /* CellView.swift in Sources */ = {isa = PBXBuildFile; fileRef = CD51EC082BC058E4005DDF55 /* CellView.swift */; };
		CD51EC0D2BC06204005DDF55 /* Roboto-Regular.ttf in Resources */ = {isa = PBXBuildFile; fileRef = CD51EC0B2BC06203005DDF55 /* Roboto-Regular.ttf */; };
		CD51EC0E2BC06204005DDF55 /* Roboto-Medium.ttf in Resources */ = {isa = PBXBuildFile; fileRef = CD51EC0C2BC06204005DDF55 /* Roboto-Medium.ttf */; };
		CDA4B3A82BC055B200811820 /* CellularFillingApp.swift in Sources */ = {isa = PBXBuildFile; fileRef = CDA4B3A72BC055B200811820 /* CellularFillingApp.swift */; };
		CDA4B3AA2BC055B200811820 /* ContentView.swift in Sources */ = {isa = PBXBuildFile; fileRef = CDA4B3A92BC055B200811820 /* ContentView.swift */; };
		CDA4B3AC2BC055B300811820 /* Assets.xcassets in Resources */ = {isa = PBXBuildFile; fileRef = CDA4B3AB2BC055B300811820 /* Assets.xcassets */; };
		CDA4B3AF2BC055B300811820 /* Preview Assets.xcassets in Resources */ = {isa = PBXBuildFile; fileRef = CDA4B3AE2BC055B300811820 /* Preview Assets.xcassets */; };
/* End PBXBuildFile section */

/* Begin PBXFileReference section */
		CD51EC022BC0573F005DDF55 /* Color+Hex.swift */ = {isa = PBXFileReference; lastKnownFileType = sourcecode.swift; path = "Color+Hex.swift"; sourceTree = "<group>"; };
		CD51EC062BC057D9005DDF55 /* CellModel.swift */ = {isa = PBXFileReference; lastKnownFileType = sourcecode.swift; path = CellModel.swift; sourceTree = "<group>"; };
		CD51EC082BC058E4005DDF55 /* CellView.swift */ = {isa = PBXFileReference; lastKnownFileType = sourcecode.swift; path = CellView.swift; sourceTree = "<group>"; };
		CD51EC0B2BC06203005DDF55 /* Roboto-Regular.ttf */ = {isa = PBXFileReference; lastKnownFileType = file; path = "Roboto-Regular.ttf"; sourceTree = "<group>"; };
		CD51EC0C2BC06204005DDF55 /* Roboto-Medium.ttf */ = {isa = PBXFileReference; lastKnownFileType = file; path = "Roboto-Medium.ttf"; sourceTree = "<group>"; };
		CD51EC0F2BC0621C005DDF55 /* Info.plist */ = {isa = PBXFileReference; lastKnownFileType = text.plist; path = Info.plist; sourceTree = "<group>"; };
		CDA4B3A42BC055B200811820 /* CellularFilling.app */ = {isa = PBXFileReference; explicitFileType = wrapper.application; includeInIndex = 0; path = CellularFilling.app; sourceTree = BUILT_PRODUCTS_DIR; };
		CDA4B3A72BC055B200811820 /* CellularFillingApp.swift */ = {isa = PBXFileReference; lastKnownFileType = sourcecode.swift; path = CellularFillingApp.swift; sourceTree = "<group>"; };
		CDA4B3A92BC055B200811820 /* ContentView.swift */ = {isa = PBXFileReference; lastKnownFileType = sourcecode.swift; path = ContentView.swift; sourceTree = "<group>"; };
		CDA4B3AB2BC055B300811820 /* Assets.xcassets */ = {isa = PBXFileReference; lastKnownFileType = folder.assetcatalog; path = Assets.xcassets; sourceTree = "<group>"; };
		CDA4B3AE2BC055B300811820 /* Preview Assets.xcassets */ = {isa = PBXFileReference; lastKnownFileType = folder.assetcatalog; path = "Preview Assets.xcassets"; sourceTree = "<group>"; };
/* End PBXFileReference section */

/* Begin PBXFrameworksBuildPhase section */
		CDA4B3A12BC055B100811820 /* Frameworks */ = {
			isa = PBXFrameworksBuildPhase;
			buildActionMask = 2147483647;
			files = (
			);
			runOnlyForDeploymentPostprocessing = 0;
		};
/* End PBXFrameworksBuildPhase section */

/* Begin PBXGroup section */
		CD51EC012BC0570A005DDF55 /* Extensions */ = {
			isa = PBXGroup;
			children = (
				CD51EC022BC0573F005DDF55 /* Color+Hex.swift */,
			);
			path = Extensions;
			sourceTree = "<group>";
		};
		CD51EC042BC057BB005DDF55 /* Views */ = {
			isa = PBXGroup;
			children = (
				CDA4B3A92BC055B200811820 /* ContentView.swift */,
				CD51EC082BC058E4005DDF55 /* CellView.swift */,
			);
			path = Views;
			sourceTree = "<group>";
		};
		CD51EC052BC057C8005DDF55 /* Models */ = {
			isa = PBXGroup;
			children = (
				CD51EC062BC057D9005DDF55 /* CellModel.swift */,
			);
			path = Models;
			sourceTree = "<group>";
		};
		CD51EC0A2BC061B4005DDF55 /* Fonts */ = {
			isa = PBXGroup;
			children = (
				CD51EC0C2BC06204005DDF55 /* Roboto-Medium.ttf */,
				CD51EC0B2BC06203005DDF55 /* Roboto-Regular.ttf */,
			);
			path = Fonts;
			sourceTree = "<group>";
		};
		CDA4B39B2BC055B100811820 = {
			isa = PBXGroup;
			children = (
				CDA4B3A62BC055B200811820 /* CellularFilling */,
				CDA4B3A52BC055B200811820 /* Products */,
			);
			sourceTree = "<group>";
		};
		CDA4B3A52BC055B200811820 /* Products */ = {
			isa = PBXGroup;
			children = (
				CDA4B3A42BC055B200811820 /* CellularFilling.app */,
			);
			name = Products;
			sourceTree = "<group>";
		};
		CDA4B3A62BC055B200811820 /* CellularFilling */ = {
			isa = PBXGroup;
			children = (
				CD51EC0F2BC0621C005DDF55 /* Info.plist */,
				CD51EC0A2BC061B4005DDF55 /* Fonts */,
				CD51EC052BC057C8005DDF55 /* Models */,
				CD51EC042BC057BB005DDF55 /* Views */,
				CD51EC012BC0570A005DDF55 /* Extensions */,
				CDA4B3A72BC055B200811820 /* CellularFillingApp.swift */,
				CDA4B3AB2BC055B300811820 /* Assets.xcassets */,
				CDA4B3AD2BC055B300811820 /* Preview Content */,
			);
			path = CellularFilling;
			sourceTree = "<group>";
		};
		CDA4B3AD2BC055B300811820 /* Preview Content */ = {
			isa = PBXGroup;
			children = (
				CDA4B3AE2BC055B300811820 /* Preview Assets.xcassets */,
			);
			path = "Preview Content";
			sourceTree = "<group>";
		};
/* End PBXGroup section */

/* Begin PBXNativeTarget section */
		CDA4B3A32BC055B100811820 /* CellularFilling */ = {
			isa = PBXNativeTarget;
			buildConfigurationList = CDA4B3B22BC055B300811820 /* Build configuration list for PBXNativeTarget "CellularFilling" */;
			buildPhases = (
				CDA4B3A02BC055B100811820 /* Sources */,
				CDA4B3A12BC055B100811820 /* Frameworks */,
				CDA4B3A22BC055B100811820 /* Resources */,
			);
			buildRules = (
			);
			dependencies = (
			);
			name = CellularFilling;
			productName = CellularFilling;
			productReference = CDA4B3A42BC055B200811820 /* CellularFilling.app */;
			productType = "com.apple.product-type.application";
		};
/* End PBXNativeTarget section */

/* Begin PBXProject section */
		CDA4B39C2BC055B100811820 /* Project object */ = {
			isa = PBXProject;
			attributes = {
				BuildIndependentTargetsInParallel = 1;
				LastSwiftUpdateCheck = 1520;
				LastUpgradeCheck = 1520;
				TargetAttributes = {
					CDA4B3A32BC055B100811820 = {
						CreatedOnToolsVersion = 15.2;
					};
				};
			};
			buildConfigurationList = CDA4B39F2BC055B100811820 /* Build configuration list for PBXProject "CellularFilling" */;
			compatibilityVersion = "Xcode 14.0";
			developmentRegion = en;
			hasScannedForEncodings = 0;
			knownRegions = (
				en,
				Base,
			);
			mainGroup = CDA4B39B2BC055B100811820;
			productRefGroup = CDA4B3A52BC055B200811820 /* Products */;
			projectDirPath = "";
			projectRoot = "";
			targets = (
				CDA4B3A32BC055B100811820 /* CellularFilling */,
			);
		};
/* End PBXProject section */

/* Begin PBXResourcesBuildPhase section */
		CDA4B3A22BC055B100811820 /* Resources */ = {
			isa = PBXResourcesBuildPhase;
			buildActionMask = 2147483647;
			files = (
				CD51EC0E2BC06204005DDF55 /* Roboto-Medium.ttf in Resources */,
				CD51EC0D2BC06204005DDF55 /* Roboto-Regular.ttf in Resources */,
				CDA4B3AF2BC055B300811820 /* Preview Assets.xcassets in Resources */,
				CDA4B3AC2BC055B300811820 /* Assets.xcassets in Resources */,
			);
			runOnlyForDeploymentPostprocessing = 0;
		};
/* End PBXResourcesBuildPhase section */

/* Begin PBXSourcesBuildPhase section */
		CDA4B3A02BC055B100811820 /* Sources */ = {
			isa = PBXSourcesBuildPhase;
			buildActionMask = 2147483647;
			files = (
				CDA4B3AA2BC055B200811820 /* ContentView.swift in Sources */,
				CD51EC092BC058E4005DDF55 /* CellView.swift in Sources */,
				CDA4B3A82BC055B200811820 /* CellularFillingApp.swift in Sources */,
				CD51EC032BC0573F005DDF55 /* Color+Hex.swift in Sources */,
				CD51EC072BC057D9005DDF55 /* CellModel.swift in Sources */,
			);
			runOnlyForDeploymentPostprocessing = 0;
		};
/* End PBXSourcesBuildPhase section */

/* Begin XCBuildConfiguration section */
		CDA4B3B02BC055B300811820 /* Debug */ = {
			isa = XCBuildConfiguration;
			buildSettings = {
				ALWAYS_SEARCH_USER_PATHS = NO;
				ASSETCATALOG_COMPILER_GENERATE_SWIFT_ASSET_SYMBOL_EXTENSIONS = YES;
				CLANG_ANALYZER_NONNULL = YES;
				CLANG_ANALYZER_NUMBER_OBJECT_CONVERSION = YES_AGGRESSIVE;
				CLANG_CXX_LANGUAGE_STANDARD = "gnu++20";
				CLANG_ENABLE_MODULES = YES;
				CLANG_ENABLE_OBJC_ARC = YES;
				CLANG_ENABLE_OBJC_WEAK = YES;
				CLANG_WARN_BLOCK_CAPTURE_AUTORELEASING = YES;
				CLANG_WARN_BOOL_CONVERSION = YES;
				CLANG_WARN_COMMA = YES;
				CLANG_WARN_CONSTANT_CONVERSION = YES;
				CLANG_WARN_DEPRECATED_OBJC_IMPLEMENTATIONS = YES;
				CLANG_WARN_DIRECT_OBJC_ISA_USAGE = YES_ERROR;
				CLANG_WARN_DOCUMENTATION_COMMENTS = YES;
				CLANG_WARN_EMPTY_BODY = YES;
				CLANG_WARN_ENUM_CONVERSION = YES;
				CLANG_WARN_INFINITE_RECURSION = YES;
				CLANG_WARN_INT_CONVERSION = YES;
				CLANG_WARN_NON_LITERAL_NULL_CONVERSION = YES;
				CLANG_WARN_OBJC_IMPLICIT_RETAIN_SELF = YES;
				CLANG_WARN_OBJC_LITERAL_CONVERSION = YES;
				CLANG_WARN_OBJC_ROOT_CLASS = YES_ERROR;
				CLANG_WARN_QUOTED_INCLUDE_IN_FRAMEWORK_HEADER = YES;
				CLANG_WARN_RANGE_LOOP_ANALYSIS = YES;
				CLANG_WARN_STRICT_PROTOTYPES = YES;
				CLANG_WARN_SUSPICIOUS_MOVE = YES;
				CLANG_WARN_UNGUARDED_AVAILABILITY = YES_AGGRESSIVE;
				CLANG_WARN_UNREACHABLE_CODE = YES;
				CLANG_WARN__DUPLICATE_METHOD_MATCH = YES;
				COPY_PHASE_STRIP = NO;
				DEBUG_INFORMATION_FORMAT = dwarf;
				ENABLE_STRICT_OBJC_MSGSEND = YES;
				ENABLE_TESTABILITY = YES;
				ENABLE_USER_SCRIPT_SANDBOXING = YES;
				GCC_C_LANGUAGE_STANDARD = gnu17;
				GCC_DYNAMIC_NO_PIC = NO;
				GCC_NO_COMMON_BLOCKS = YES;
				GCC_OPTIMIZATION_LEVEL = 0;
				GCC_PREPROCESSOR_DEFINITIONS = (
					"DEBUG=1",
					"$(inherited)",
				);
				GCC_WARN_64_TO_32_BIT_CONVERSION = YES;
				GCC_WARN_ABOUT_RETURN_TYPE = YES_ERROR;
				GCC_WARN_UNDECLARED_SELECTOR = YES;
				GCC_WARN_UNINITIALIZED_AUTOS = YES_AGGRESSIVE;
				GCC_WARN_UNUSED_FUNCTION = YES;
				GCC_WARN_UNUSED_VARIABLE = YES;
				IPHONEOS_DEPLOYMENT_TARGET = 17.2;
				LOCALIZATION_PREFERS_STRING_CATALOGS = YES;
				MTL_ENABLE_DEBUG_INFO = INCLUDE_SOURCE;
				MTL_FAST_MATH = YES;
				ONLY_ACTIVE_ARCH = YES;
				SDKROOT = iphoneos;
				SWIFT_ACTIVE_COMPILATION_CONDITIONS = "DEBUG $(inherited)";
				SWIFT_OPTIMIZATION_LEVEL = "-Onone";
			};
			name = Debug;
		};
		CDA4B3B12BC055B300811820 /* Release */ = {
			isa = XCBuildConfiguration;
			buildSettings = {
				ALWAYS_SEARCH_USER_PATHS = NO;
				ASSETCATALOG_COMPILER_GENERATE_SWIFT_ASSET_SYMBOL_EXTENSIONS = YES;
				CLANG_ANALYZER_NONNULL = YES;
				CLANG_ANALYZER_NUMBER_OBJECT_CONVERSION = YES_AGGRESSIVE;
				CLANG_CXX_LANGUAGE_STANDARD = "gnu++20";
				CLANG_ENABLE_MODULES = YES;
				CLANG_ENABLE_OBJC_ARC = YES;
				CLANG_ENABLE_OBJC_WEAK = YES;
				CLANG_WARN_BLOCK_CAPTURE_AUTORELEASING = YES;
				CLANG_WARN_BOOL_CONVERSION = YES;
				CLANG_WARN_COMMA = YES;
				CLANG_WARN_CONSTANT_CONVERSION = YES;
				CLANG_WARN_DEPRECATED_OBJC_IMPLEMENTATIONS = YES;
				CLANG_WARN_DIRECT_OBJC_ISA_USAGE = YES_ERROR;
				CLANG_WARN_DOCUMENTATION_COMMENTS = YES;
				CLANG_WARN_EMPTY_BODY = YES;
				CLANG_WARN_ENUM_CONVERSION = YES;
				CLANG_WARN_INFINITE_RECURSION = YES;
				CLANG_WARN_INT_CONVERSION = YES;
				CLANG_WARN_NON_LITERAL_NULL_CONVERSION = YES;
				CLANG_WARN_OBJC_IMPLICIT_RETAIN_SELF = YES;
				CLANG_WARN_OBJC_LITERAL_CONVERSION = YES;
				CLANG_WARN_OBJC_ROOT_CLASS = YES_ERROR;
				CLANG_WARN_QUOTED_INCLUDE_IN_FRAMEWORK_HEADER = YES;
				CLANG_WARN_RANGE_LOOP_ANALYSIS = YES;
				CLANG_WARN_STRICT_PROTOTYPES = YES;
				CLANG_WARN_SUSPICIOUS_MOVE = YES;
				CLANG_WARN_UNGUARDED_AVAILABILITY = YES_AGGRESSIVE;
				CLANG_WARN_UNREACHABLE_CODE = YES;
				CLANG_WARN__DUPLICATE_METHOD_MATCH = YES;
				COPY_PHASE_STRIP = NO;
				DEBUG_INFORMATION_FORMAT = "dwarf-with-dsym";
				ENABLE_NS_ASSERTIONS = NO;
				ENABLE_STRICT_OBJC_MSGSEND = YES;
				ENABLE_USER_SCRIPT_SANDBOXING = YES;
				GCC_C_LANGUAGE_STANDARD = gnu17;
				GCC_NO_COMMON_BLOCKS = YES;
				GCC_WARN_64_TO_32_BIT_CONVERSION = YES;
				GCC_WARN_ABOUT_RETURN_TYPE = YES_ERROR;
				GCC_WARN_UNDECLARED_SELECTOR = YES;
				GCC_WARN_UNINITIALIZED_AUTOS = YES_AGGRESSIVE;
				GCC_WARN_UNUSED_FUNCTION = YES;
				GCC_WARN_UNUSED_VARIABLE = YES;
				IPHONEOS_DEPLOYMENT_TARGET = 17.2;
				LOCALIZATION_PREFERS_STRING_CATALOGS = YES;
				MTL_ENABLE_DEBUG_INFO = NO;
				MTL_FAST_MATH = YES;
				SDKROOT = iphoneos;
				SWIFT_COMPILATION_MODE = wholemodule;
				VALIDATE_PRODUCT = YES;
			};
			name = Release;
		};
		CDA4B3B32BC055B300811820 /* Debug */ = {
			isa = XCBuildConfiguration;
			buildSettings = {
				ASSETCATALOG_COMPILER_APPICON_NAME = AppIcon;
				ASSETCATALOG_COMPILER_GLOBAL_ACCENT_COLOR_NAME = AccentColor;
				CODE_SIGN_STYLE = Automatic;
				CURRENT_PROJECT_VERSION = 1;
				DEVELOPMENT_ASSET_PATHS = "\"CellularFilling/Preview Content\"";
				DEVELOPMENT_TEAM = Z7788V56C7;
				ENABLE_PREVIEWS = YES;
				GENERATE_INFOPLIST_FILE = YES;
				INFOPLIST_FILE = CellularFilling/Info.plist;
				INFOPLIST_KEY_UIApplicationSceneManifest_Generation = YES;
				INFOPLIST_KEY_UIApplicationSupportsIndirectInputEvents = YES;
				INFOPLIST_KEY_UILaunchScreen_Generation = YES;
				INFOPLIST_KEY_UISupportedInterfaceOrientations_iPad = "UIInterfaceOrientationPortrait UIInterfaceOrientationPortraitUpsideDown UIInterfaceOrientationLandscapeLeft UIInterfaceOrientationLandscapeRight";
				INFOPLIST_KEY_UISupportedInterfaceOrientations_iPhone = "UIInterfaceOrientationPortrait UIInterfaceOrientationLandscapeLeft UIInterfaceOrientationLandscapeRight";
				LD_RUNPATH_SEARCH_PATHS = (
					"$(inherited)",
					"@executable_path/Frameworks",
				);
				MARKETING_VERSION = 1.0;
				PRODUCT_BUNDLE_IDENTIFIER = com.vladvrublevsky.CellularFilling;
				PRODUCT_NAME = "$(TARGET_NAME)";
				SWIFT_EMIT_LOC_STRINGS = YES;
				SWIFT_VERSION = 5.0;
				TARGETED_DEVICE_FAMILY = "1,2";
			};
			name = Debug;
		};
		CDA4B3B42BC055B300811820 /* Release */ = {
			isa = XCBuildConfiguration;
			buildSettings = {
				ASSETCATALOG_COMPILER_APPICON_NAME = AppIcon;
				ASSETCATALOG_COMPILER_GLOBAL_ACCENT_COLOR_NAME = AccentColor;
				CODE_SIGN_STYLE = Automatic;
				CURRENT_PROJECT_VERSION = 1;
				DEVELOPMENT_ASSET_PATHS = "\"CellularFilling/Preview Content\"";
				DEVELOPMENT_TEAM = Z7788V56C7;
				ENABLE_PREVIEWS = YES;
				GENERATE_INFOPLIST_FILE = YES;
				INFOPLIST_FILE = CellularFilling/Info.plist;
				INFOPLIST_KEY_UIApplicationSceneManifest_Generation = YES;
				INFOPLIST_KEY_UIApplicationSupportsIndirectInputEvents = YES;
				INFOPLIST_KEY_UILaunchScreen_Generation = YES;
				INFOPLIST_KEY_UISupportedInterfaceOrientations_iPad = "UIInterfaceOrientationPortrait UIInterfaceOrientationPortraitUpsideDown UIInterfaceOrientationLandscapeLeft UIInterfaceOrientationLandscapeRight";
				INFOPLIST_KEY_UISupportedInterfaceOrientations_iPhone = "UIInterfaceOrientationPortrait UIInterfaceOrientationLandscapeLeft UIInterfaceOrientationLandscapeRight";
				LD_RUNPATH_SEARCH_PATHS = (
					"$(inherited)",
					"@executable_path/Frameworks",
				);
				MARKETING_VERSION = 1.0;
				PRODUCT_BUNDLE_IDENTIFIER = com.vladvrublevsky.CellularFilling;
				PRODUCT_NAME = "$(TARGET_NAME)";
				SWIFT_EMIT_LOC_STRINGS = YES;
				SWIFT_VERSION = 5.0;
				TARGETED_DEVICE_FAMILY = "1,2";
			};
			name = Release;
		};
/* End XCBuildConfiguration section */

/* Begin XCConfigurationList section */
		CDA4B39F2BC055B100811820 /* Build configuration list for PBXProject "CellularFilling" */ = {
			isa = XCConfigurationList;
			buildConfigurations = (
				CDA4B3B02BC055B300811820 /* Debug */,
				CDA4B3B12BC055B300811820 /* Release */,
			);
			defaultConfigurationIsVisible = 0;
			defaultConfigurationName = Release;
		};
		CDA4B3B22BC055B300811820 /* Build configuration list for PBXNativeTarget "CellularFilling" */ = {
			isa = XCConfigurationList;
			buildConfigurations = (
				CDA4B3B32BC055B300811820 /* Debug */,
				CDA4B3B42BC055B300811820 /* Release */,
			);
			defaultConfigurationIsVisible = 0;
			defaultConfigurationName = Release;
		};
/* End XCConfigurationList section */
	};
	rootObject = CDA4B39C2BC055B100811820 /* Project object */;
}
